
Microsoft Visual Studio Solution File, Format Version 12.00
# Visual Studio Version 16
VisualStudioVersion = 16.0.29519.87
MinimumVisualStudioVersion = 10.0.40219.1
Project("{9A19103F-16F7-4668-BE54-9A1E7A4F7556}") = "WebApp", "WebApp\WebApp.csproj", "{914ABDE6-9358-487D-8853-A7334B7D7282}"
EndProject
Project("{9A19103F-16F7-4668-BE54-9A1E7A4F7556}") = "ClassLibrary", "ClassLibrary\ClassLibrary.csproj", "{3547F4D1-A199-4C1F-AB12-14F54DF8D19C}"
EndProject
Project("{FAE04EC0-301F-11D3-BF4B-00C04F79EFBC}") = "RazorClassLibrary", "RazorClassLibrary\RazorClassLibrary.csproj", "{12D49F96-2F4B-4C95-82EF-D93682F7455C}"
EndProject
Global
	GlobalSection(SolutionConfigurationPlatforms) = preSolution
		Debug|Any CPU = Debug|Any CPU
		Release|Any CPU = Release|Any CPU
	EndGlobalSection
	GlobalSection(ProjectConfigurationPlatforms) = postSolution
		{914ABDE6-9358-487D-8853-A7334B7D7282}.Debug|Any CPU.ActiveCfg = Debug|Any CPU
		{914ABDE6-9358-487D-8853-A7334B7D7282}.Debug|Any CPU.Build.0 = Debug|Any CPU
		{914ABDE6-9358-487D-8853-A7334B7D7282}.Release|Any CPU.ActiveCfg = Release|Any CPU
		{914ABDE6-9358-487D-8853-A7334B7D7282}.Release|Any CPU.Build.0 = Release|Any CPU
		{3547F4D1-A199-4C1F-AB12-14F54DF8D19C}.Debug|Any CPU.ActiveCfg = Debug|Any CPU
		{3547F4D1-A199-4C1F-AB12-14F54DF8D19C}.Debug|Any CPU.Build.0 = Debug|Any CPU
		{3547F4D1-A199-4C1F-AB12-14F54DF8D19C}.Release|Any CPU.ActiveCfg = Release|Any CPU
		{3547F4D1-A199-4C1F-AB12-14F54DF8D19C}.Release|Any CPU.Build.0 = Release|Any CPU
		{12D49F96-2F4B-4C95-82EF-D93682F7455C}.Debug|Any CPU.ActiveCfg = Debug|Any CPU
		{12D49F96-2F4B-4C95-82EF-D93682F7455C}.Debug|Any CPU.Build.0 = Debug|Any CPU
		{12D49F96-2F4B-4C95-82EF-D93682F7455C}.Release|Any CPU.ActiveCfg = Release|Any CPU
		{12D49F96-2F4B-4C95-82EF-D93682F7455C}.Release|Any CPU.Build.0 = Release|Any CPU
	EndGlobalSection
	GlobalSection(SolutionProperties) = preSolution
		HideSolutionNode = FALSE
	EndGlobalSection
	GlobalSection(ExtensibilityGlobals) = postSolution
		SolutionGuid = {CB0FB107-987C-4759-92F3-3A15EDB88C69}
	EndGlobalSection
EndGlobal
