
Microsoft Visual Studio Solution File, Format Version 12.00
# Visual Studio Version 16
VisualStudioVersion = 16.0.29519.87
MinimumVisualStudioVersion = 10.0.40219.1
Project("{2150E333-8FDC-42A3-9474-1A3956D46DE8}") = "business", "business", "{D920EAFE-DE66-4385-9B76-C78AC376DC5D}"
EndProject
Project("{9A19103F-16F7-4668-BE54-9A1E7A4F7556}") = "business.entity", "business.entity\business.entity.csproj", "{AE7F1002-48CF-4B0A-BCEE-B0DB6A06C191}"
EndProject
Project("{9A19103F-16F7-4668-BE54-9A1E7A4F7556}") = "business.repository", "business.repository\business.repository.csproj", "{83145BF1-D161-453C-AC6A-BDDCF8C80FA1}"
EndProject
Project("{9A19103F-16F7-4668-BE54-9A1E7A4F7556}") = "business.infrastructure", "business.infrastructure\business.infrastructure.csproj", "{7BD19C90-87F5-4CC6-B2BC-65FBFE3E1CFC}"
EndProject
Project("{9A19103F-16F7-4668-BE54-9A1E7A4F7556}") = "business.operation", "business.operation\business.operation.csproj", "{3F7D57AE-6228-42C7-93D5-2D7E51354E67}"
EndProject
Project("{2150E333-8FDC-42A3-9474-1A3956D46DE8}") = "auth", "auth", "{790985FE-73F0-47F7-A76E-6DA5CCF48B39}"
EndProject
Project("{9A19103F-16F7-4668-BE54-9A1E7A4F7556}") = "bookstore.site", "bookstore.site\bookstore.site.csproj", "{1699308B-DABD-4A50-9D6D-252BD4A27D79}"
EndProject
Project("{2150E333-8FDC-42A3-9474-1A3956D46DE8}") = "mvc", "mvc", "{9342C99B-00B0-4276-BEF6-F7A5682D468C}"
EndProject
Project("{9A19103F-16F7-4668-BE54-9A1E7A4F7556}") = "mvc.core", "mvc.core\mvc.core.csproj", "{8E1B86F6-9084-4B8D-A7F2-5C509FDEBFDC}"
EndProject
Project("{FAE04EC0-301F-11D3-BF4B-00C04F79EFBC}") = "auth.site", "auth.site\auth.site.csproj", "{C8BDD5EE-1E40-4EBA-8E98-CDA7A350364B}"
EndProject
Global
	GlobalSection(SolutionConfigurationPlatforms) = preSolution
		Debug|Any CPU = Debug|Any CPU
		Release|Any CPU = Release|Any CPU
	EndGlobalSection
	GlobalSection(ProjectConfigurationPlatforms) = postSolution
		{AE7F1002-48CF-4B0A-BCEE-B0DB6A06C191}.Debug|Any CPU.ActiveCfg = Debug|Any CPU
		{AE7F1002-48CF-4B0A-BCEE-B0DB6A06C191}.Debug|Any CPU.Build.0 = Debug|Any CPU
		{AE7F1002-48CF-4B0A-BCEE-B0DB6A06C191}.Release|Any CPU.ActiveCfg = Release|Any CPU
		{AE7F1002-48CF-4B0A-BCEE-B0DB6A06C191}.Release|Any CPU.Build.0 = Release|Any CPU
		{83145BF1-D161-453C-AC6A-BDDCF8C80FA1}.Debug|Any CPU.ActiveCfg = Debug|Any CPU
		{83145BF1-D161-453C-AC6A-BDDCF8C80FA1}.Debug|Any CPU.Build.0 = Debug|Any CPU
		{83145BF1-D161-453C-AC6A-BDDCF8C80FA1}.Release|Any CPU.ActiveCfg = Release|Any CPU
		{83145BF1-D161-453C-AC6A-BDDCF8C80FA1}.Release|Any CPU.Build.0 = Release|Any CPU
		{7BD19C90-87F5-4CC6-B2BC-65FBFE3E1CFC}.Debug|Any CPU.ActiveCfg = Debug|Any CPU
		{7BD19C90-87F5-4CC6-B2BC-65FBFE3E1CFC}.Debug|Any CPU.Build.0 = Debug|Any CPU
		{7BD19C90-87F5-4CC6-B2BC-65FBFE3E1CFC}.Release|Any CPU.ActiveCfg = Release|Any CPU
		{7BD19C90-87F5-4CC6-B2BC-65FBFE3E1CFC}.Release|Any CPU.Build.0 = Release|Any CPU
		{3F7D57AE-6228-42C7-93D5-2D7E51354E67}.Debug|Any CPU.ActiveCfg = Debug|Any CPU
		{3F7D57AE-6228-42C7-93D5-2D7E51354E67}.Debug|Any CPU.Build.0 = Debug|Any CPU
		{3F7D57AE-6228-42C7-93D5-2D7E51354E67}.Release|Any CPU.ActiveCfg = Release|Any CPU
		{3F7D57AE-6228-42C7-93D5-2D7E51354E67}.Release|Any CPU.Build.0 = Release|Any CPU
		{1699308B-DABD-4A50-9D6D-252BD4A27D79}.Debug|Any CPU.ActiveCfg = Debug|Any CPU
		{1699308B-DABD-4A50-9D6D-252BD4A27D79}.Debug|Any CPU.Build.0 = Debug|Any CPU
		{1699308B-DABD-4A50-9D6D-252BD4A27D79}.Release|Any CPU.ActiveCfg = Release|Any CPU
		{1699308B-DABD-4A50-9D6D-252BD4A27D79}.Release|Any CPU.Build.0 = Release|Any CPU
		{8E1B86F6-9084-4B8D-A7F2-5C509FDEBFDC}.Debug|Any CPU.ActiveCfg = Debug|Any CPU
		{8E1B86F6-9084-4B8D-A7F2-5C509FDEBFDC}.Debug|Any CPU.Build.0 = Debug|Any CPU
		{8E1B86F6-9084-4B8D-A7F2-5C509FDEBFDC}.Release|Any CPU.ActiveCfg = Release|Any CPU
		{8E1B86F6-9084-4B8D-A7F2-5C509FDEBFDC}.Release|Any CPU.Build.0 = Release|Any CPU
		{C8BDD5EE-1E40-4EBA-8E98-CDA7A350364B}.Debug|Any CPU.ActiveCfg = Debug|Any CPU
		{C8BDD5EE-1E40-4EBA-8E98-CDA7A350364B}.Debug|Any CPU.Build.0 = Debug|Any CPU
		{C8BDD5EE-1E40-4EBA-8E98-CDA7A350364B}.Release|Any CPU.ActiveCfg = Release|Any CPU
		{C8BDD5EE-1E40-4EBA-8E98-CDA7A350364B}.Release|Any CPU.Build.0 = Release|Any CPU
	EndGlobalSection
	GlobalSection(SolutionProperties) = preSolution
		HideSolutionNode = FALSE
	EndGlobalSection
	GlobalSection(NestedProjects) = preSolution
		{AE7F1002-48CF-4B0A-BCEE-B0DB6A06C191} = {D920EAFE-DE66-4385-9B76-C78AC376DC5D}
		{83145BF1-D161-453C-AC6A-BDDCF8C80FA1} = {D920EAFE-DE66-4385-9B76-C78AC376DC5D}
		{7BD19C90-87F5-4CC6-B2BC-65FBFE3E1CFC} = {D920EAFE-DE66-4385-9B76-C78AC376DC5D}
		{3F7D57AE-6228-42C7-93D5-2D7E51354E67} = {D920EAFE-DE66-4385-9B76-C78AC376DC5D}
		{8E1B86F6-9084-4B8D-A7F2-5C509FDEBFDC} = {9342C99B-00B0-4276-BEF6-F7A5682D468C}
		{C8BDD5EE-1E40-4EBA-8E98-CDA7A350364B} = {790985FE-73F0-47F7-A76E-6DA5CCF48B39}
	EndGlobalSection
	GlobalSection(ExtensibilityGlobals) = postSolution
		SolutionGuid = {94BB690A-8A51-43F8-8357-5D7F6B6825D0}
	EndGlobalSection
EndGlobal
